
Microsoft Visual Studio Solution File, Format Version 12.00
# Visual Studio Version 17
VisualStudioVersion = 17.0.31825.309
MinimumVisualStudioVersion = 10.0.40219.1
Project("{FAE04EC0-301F-11D3-BF4B-00C04F79EFBC}") = "WebApplication1", "WebApplication1\WebApplication1.csproj", "{6C4623A0-7CEE-4A04-8665-FB83A5363C37}"
EndProject
Global
	GlobalSection(SolutionConfigurationPlatforms) = preSolution
		Debug|Any CPU = Debug|Any CPU
		Release|Any CPU = Release|Any CPU
	EndGlobalSection
	GlobalSection(ProjectConfigurationPlatforms) = postSolution
		{6C4623A0-7CEE-4A04-8665-FB83A5363C37}.Debug|Any CPU.ActiveCfg = Debug|Any CPU
		{6C4623A0-7CEE-4A04-8665-FB83A5363C37}.Debug|Any CPU.Build.0 = Debug|Any CPU
		{6C4623A0-7CEE-4A04-8665-FB83A5363C37}.Release|Any CPU.ActiveCfg = Release|Any CPU
		{6C4623A0-7CEE-4A04-8665-FB83A5363C37}.Release|Any CPU.Build.0 = Release|Any CPU
	EndGlobalSection
	GlobalSection(SolutionProperties) = preSolution
		HideSolutionNode = FALSE
	EndGlobalSection
	GlobalSection(ExtensibilityGlobals) = postSolution
		SolutionGuid = {CAE0EE61-DBF1-4B83-8015-8FDE8286C0C5}
	EndGlobalSection
EndGlobal
